
Microsoft Visual Studio Solution File, Format Version 12.00
# Visual Studio Version 17
VisualStudioVersion = 17.9.34728.123
MinimumVisualStudioVersion = 10.0.40219.1
Project("{FAE04EC0-301F-11D3-BF4B-00C04F79EFBC}") = "Variables", "Variables.csproj", "{0ABC54F4-ED7D-48C8-8A3F-E7F5EE0DBE1F}"
EndProject
Global
	GlobalSection(SolutionConfigurationPlatforms) = preSolution
		Debug|Any CPU = Debug|Any CPU
		Release|Any CPU = Release|Any CPU
	EndGlobalSection
	GlobalSection(ProjectConfigurationPlatforms) = postSolution
		{0ABC54F4-ED7D-48C8-8A3F-E7F5EE0DBE1F}.Debug|Any CPU.ActiveCfg = Debug|Any CPU
		{0ABC54F4-ED7D-48C8-8A3F-E7F5EE0DBE1F}.Debug|Any CPU.Build.0 = Debug|Any CPU
		{0ABC54F4-ED7D-48C8-8A3F-E7F5EE0DBE1F}.Release|Any CPU.ActiveCfg = Release|Any CPU
		{0ABC54F4-ED7D-48C8-8A3F-E7F5EE0DBE1F}.Release|Any CPU.Build.0 = Release|Any CPU
	EndGlobalSection
	GlobalSection(SolutionProperties) = preSolution
		HideSolutionNode = FALSE
	EndGlobalSection
	GlobalSection(ExtensibilityGlobals) = postSolution
		SolutionGuid = {F536485D-EB2E-4F96-8445-CDA857AD1E4D}
	EndGlobalSection
EndGlobal
